{
  "name": "portfolio",
  "lockfileVersion": 3,
  "requires": true,
  "packages": {
    "": {
      "dependencies": {
        "jsbarcode": "^3.12.3"
      }
    },
    "node_modules/jsbarcode": {
      "version": "3.12.3",
      "resolved": "https://registry.npmjs.org/jsbarcode/-/jsbarcode-3.12.3.tgz",
      "integrity": "sha512-CuHU9hC6dPsHF5oVFMo8NW76uQVjH4L22CsP4hW+dNnGywJHC/B0ThA1CTDVLnxKLrrpYdicBLnd2xsgTfRnvg==",
      "license": "MIT"
    }
  }
}
